		"node_modules/@php-wasm/assets": {
			"resolved": "packages/php-wasm/assets",
			"link": true
		},
		"packages/php-wasm/assets": {
			"name": "@php-wasm/assets",
			"version": "2.0.8",
			"license": "GPL-2.0-or-later",
			"engines": {
				"node": ">=20.18.3",
				"npm": ">=10.1.0"
			}
		},
			"dependencies": {
				"@php-wasm/assets": "2.0.8"
			},
			"dependencies": {
				"@php-wasm/assets": "2.0.8"
			},
