				"packages/php-wasm-versions/*",
		"node_modules/@php-wasm/php-7.2": {
			"resolved": "packages/php-wasm-versions/php-7.2",
			"link": true
		},
		"node_modules/@php-wasm/php-7.3": {
			"resolved": "packages/php-wasm-versions/php-7.3",
			"link": true
		},
		"node_modules/@php-wasm/php-7.4": {
			"resolved": "packages/php-wasm-versions/php-7.4",
			"link": true
		},
		"node_modules/@php-wasm/php-8.0": {
			"resolved": "packages/php-wasm-versions/php-8.0",
			"link": true
		},
		"node_modules/@php-wasm/php-8.1": {
			"resolved": "packages/php-wasm-versions/php-8.1",
			"link": true
		},
		"node_modules/@php-wasm/php-8.2": {
			"resolved": "packages/php-wasm-versions/php-8.2",
			"link": true
		},
		"node_modules/@php-wasm/php-8.3": {
			"resolved": "packages/php-wasm-versions/php-8.3",
			"link": true
		},
		"node_modules/@php-wasm/php-8.4": {
			"resolved": "packages/php-wasm-versions/php-8.4",
			"link": true
		},
		"packages/php-wasm-versions/php-7.2": {
			"name": "@php-wasm/php-7.2",
			"version": "2.0.8"
		},
		"packages/php-wasm-versions/php-7.3": {
			"name": "@php-wasm/php-7.3",
			"version": "2.0.8"
		},
		"packages/php-wasm-versions/php-7.4": {
			"name": "@php-wasm/php-7.4",
			"version": "2.0.8"
		},
		"packages/php-wasm-versions/php-8.0": {
			"name": "@php-wasm/php-8.0",
			"version": "2.0.8"
		},
		"packages/php-wasm-versions/php-8.1": {
			"name": "@php-wasm/php-8.1",
			"version": "2.0.8"
		},
		"packages/php-wasm-versions/php-8.2": {
			"name": "@php-wasm/php-8.2",
			"version": "2.0.8"
		},
		"packages/php-wasm-versions/php-8.3": {
			"name": "@php-wasm/php-8.3",
			"version": "2.0.8"
		},
		"packages/php-wasm-versions/php-8.4": {
			"name": "@php-wasm/php-8.4",
			"version": "2.0.8"
		},
			},
			"optionalDependencies": {
				"@php-wasm/php-7.2": "^2.0.8",
				"@php-wasm/php-7.3": "^2.0.8",
				"@php-wasm/php-7.4": "^2.0.8",
				"@php-wasm/php-8.0": "^2.0.8",
				"@php-wasm/php-8.1": "^2.0.8",
				"@php-wasm/php-8.2": "^2.0.8",
				"@php-wasm/php-8.3": "^2.0.8",
				"@php-wasm/php-8.4": "^2.0.8"
